// !$*UTF8*$!
{
	archiveVersion = 1;
	classes = {
	};
	objectVersion = 46;
	objects = {

/* Begin PBXBuildFile section */
		115D0C78366B681AC3222C23 /* Pods.framework in Frameworks */ = {isa = PBXBuildFile; fileRef = 377D4CE95E646A22DDC41300 /* Pods.framework */; };
		4B2B6D361CC31064000BF3E3 /* NewPostViewController.swift in Sources */ = {isa = PBXBuildFile; fileRef = 4B2B6D351CC31064000BF3E3 /* NewPostViewController.swift */; };
		4BBE9FF41CC2D8CA004ADDEC /* AppDelegate.swift in Sources */ = {isa = PBXBuildFile; fileRef = 4BBE9FF31CC2D8CA004ADDEC /* AppDelegate.swift */; };
		4BBE9FF91CC2D8CA004ADDEC /* Main.storyboard in Resources */ = {isa = PBXBuildFile; fileRef = 4BBE9FF71CC2D8CA004ADDEC /* Main.storyboard */; };
		4BBE9FFC1CC2D8CA004ADDEC /* Ditto.xcdatamodeld in Sources */ = {isa = PBXBuildFile; fileRef = 4BBE9FFA1CC2D8CA004ADDEC /* Ditto.xcdatamodeld */; };
		4BBE9FFE1CC2D8CA004ADDEC /* Assets.xcassets in Resources */ = {isa = PBXBuildFile; fileRef = 4BBE9FFD1CC2D8CA004ADDEC /* Assets.xcassets */; };
		4BBEA0011CC2D8CA004ADDEC /* LaunchScreen.storyboard in Resources */ = {isa = PBXBuildFile; fileRef = 4BBE9FFF1CC2D8CA004ADDEC /* LaunchScreen.storyboard */; };
		4BBEA00C1CC2D8CA004ADDEC /* DittoTests.swift in Sources */ = {isa = PBXBuildFile; fileRef = 4BBEA00B1CC2D8CA004ADDEC /* DittoTests.swift */; };
		4BBEA0171CC2D8CA004ADDEC /* DittoUITests.swift in Sources */ = {isa = PBXBuildFile; fileRef = 4BBEA0161CC2D8CA004ADDEC /* DittoUITests.swift */; };
		4BBEA0251CC2DFBC004ADDEC /* UserFeedTableViewController.swift in Sources */ = {isa = PBXBuildFile; fileRef = 4BBEA0241CC2DFBC004ADDEC /* UserFeedTableViewController.swift */; };
		4BFEABE31CC2E6100085FED4 /* Downloader.swift in Sources */ = {isa = PBXBuildFile; fileRef = 4BFEABE21CC2E6100085FED4 /* Downloader.swift */; };
		4E4B428D1CC39F2000C98E65 /* profileTableViewController.swift in Sources */ = {isa = PBXBuildFile; fileRef = 4E4B428C1CC39F2000C98E65 /* profileTableViewController.swift */; };
		4E4B428F1CC3A03E00C98E65 /* notificationsTableViewController.swift in Sources */ = {isa = PBXBuildFile; fileRef = 4E4B428E1CC3A03E00C98E65 /* notificationsTableViewController.swift */; };
		4E7EFA351CC342060035712D /* CategoriesTableViewController.swift in Sources */ = {isa = PBXBuildFile; fileRef = 4E7EFA341CC342060035712D /* CategoriesTableViewController.swift */; };
		4EA7C7ED1CC3AB2E00BDAA3A /* tabBarViewController.swift in Sources */ = {isa = PBXBuildFile; fileRef = 4EA7C7EC1CC3AB2E00BDAA3A /* tabBarViewController.swift */; };
/* End PBXBuildFile section */

/* Begin PBXContainerItemProxy section */
		4BBEA0081CC2D8CA004ADDEC /* PBXContainerItemProxy */ = {
			isa = PBXContainerItemProxy;
			containerPortal = 4BBE9FE81CC2D8CA004ADDEC /* Project object */;
			proxyType = 1;
			remoteGlobalIDString = 4BBE9FEF1CC2D8CA004ADDEC;
			remoteInfo = Ditto;
		};
		4BBEA0131CC2D8CA004ADDEC /* PBXContainerItemProxy */ = {
			isa = PBXContainerItemProxy;
			containerPortal = 4BBE9FE81CC2D8CA004ADDEC /* Project object */;
			proxyType = 1;
			remoteGlobalIDString = 4BBE9FEF1CC2D8CA004ADDEC;
			remoteInfo = Ditto;
		};
/* End PBXContainerItemProxy section */

/* Begin PBXFileReference section */
		1997EFF7933EE4C73F4172E2 /* Pods.debug.xcconfig */ = {isa = PBXFileReference; includeInIndex = 1; lastKnownFileType = text.xcconfig; name = Pods.debug.xcconfig; path = "Pods/Target Support Files/Pods/Pods.debug.xcconfig"; sourceTree = "<group>"; };
		377D4CE95E646A22DDC41300 /* Pods.framework */ = {isa = PBXFileReference; explicitFileType = wrapper.framework; includeInIndex = 0; path = Pods.framework; sourceTree = BUILT_PRODUCTS_DIR; };
		4B2B6D351CC31064000BF3E3 /* NewPostViewController.swift */ = {isa = PBXFileReference; fileEncoding = 4; lastKnownFileType = sourcecode.swift; path = NewPostViewController.swift; sourceTree = "<group>"; };
		4BBE9FF01CC2D8CA004ADDEC /* Ditto.app */ = {isa = PBXFileReference; explicitFileType = wrapper.application; includeInIndex = 0; path = Ditto.app; sourceTree = BUILT_PRODUCTS_DIR; };
		4BBE9FF31CC2D8CA004ADDEC /* AppDelegate.swift */ = {isa = PBXFileReference; lastKnownFileType = sourcecode.swift; path = AppDelegate.swift; sourceTree = "<group>"; };
		4BBE9FF81CC2D8CA004ADDEC /* Base */ = {isa = PBXFileReference; lastKnownFileType = file.storyboard; name = Base; path = Base.lproj/Main.storyboard; sourceTree = "<group>"; };
		4BBE9FFB1CC2D8CA004ADDEC /* Ditto.xcdatamodel */ = {isa = PBXFileReference; lastKnownFileType = wrapper.xcdatamodel; path = Ditto.xcdatamodel; sourceTree = "<group>"; };
		4BBE9FFD1CC2D8CA004ADDEC /* Assets.xcassets */ = {isa = PBXFileReference; lastKnownFileType = folder.assetcatalog; path = Assets.xcassets; sourceTree = "<group>"; };
		4BBEA0001CC2D8CA004ADDEC /* Base */ = {isa = PBXFileReference; lastKnownFileType = file.storyboard; name = Base; path = Base.lproj/LaunchScreen.storyboard; sourceTree = "<group>"; };
		4BBEA0021CC2D8CA004ADDEC /* Info.plist */ = {isa = PBXFileReference; lastKnownFileType = text.plist.xml; path = Info.plist; sourceTree = "<group>"; };
		4BBEA0071CC2D8CA004ADDEC /* DittoTests.xctest */ = {isa = PBXFileReference; explicitFileType = wrapper.cfbundle; includeInIndex = 0; path = DittoTests.xctest; sourceTree = BUILT_PRODUCTS_DIR; };
		4BBEA00B1CC2D8CA004ADDEC /* DittoTests.swift */ = {isa = PBXFileReference; lastKnownFileType = sourcecode.swift; path = DittoTests.swift; sourceTree = "<group>"; };
		4BBEA00D1CC2D8CA004ADDEC /* Info.plist */ = {isa = PBXFileReference; lastKnownFileType = text.plist.xml; path = Info.plist; sourceTree = "<group>"; };
		4BBEA0121CC2D8CA004ADDEC /* DittoUITests.xctest */ = {isa = PBXFileReference; explicitFileType = wrapper.cfbundle; includeInIndex = 0; path = DittoUITests.xctest; sourceTree = BUILT_PRODUCTS_DIR; };
		4BBEA0161CC2D8CA004ADDEC /* DittoUITests.swift */ = {isa = PBXFileReference; lastKnownFileType = sourcecode.swift; path = DittoUITests.swift; sourceTree = "<group>"; };
		4BBEA0181CC2D8CA004ADDEC /* Info.plist */ = {isa = PBXFileReference; lastKnownFileType = text.plist.xml; path = Info.plist; sourceTree = "<group>"; };
		4BBEA0241CC2DFBC004ADDEC /* UserFeedTableViewController.swift */ = {isa = PBXFileReference; fileEncoding = 4; lastKnownFileType = sourcecode.swift; path = UserFeedTableViewController.swift; sourceTree = "<group>"; };
		4BBEA0261CC2E0AA004ADDEC /* BridgingHeader.h */ = {isa = PBXFileReference; fileEncoding = 4; lastKnownFileType = sourcecode.c.h; path = BridgingHeader.h; sourceTree = "<group>"; };
		4BFEABE21CC2E6100085FED4 /* Downloader.swift */ = {isa = PBXFileReference; fileEncoding = 4; lastKnownFileType = sourcecode.swift; path = Downloader.swift; sourceTree = "<group>"; };
		4E4B428C1CC39F2000C98E65 /* profileTableViewController.swift */ = {isa = PBXFileReference; fileEncoding = 4; lastKnownFileType = sourcecode.swift; path = profileTableViewController.swift; sourceTree = "<group>"; };
		4E4B428E1CC3A03E00C98E65 /* notificationsTableViewController.swift */ = {isa = PBXFileReference; fileEncoding = 4; lastKnownFileType = sourcecode.swift; path = notificationsTableViewController.swift; sourceTree = "<group>"; };
		4E7EFA341CC342060035712D /* CategoriesTableViewController.swift */ = {isa = PBXFileReference; fileEncoding = 4; lastKnownFileType = sourcecode.swift; path = CategoriesTableViewController.swift; sourceTree = "<group>"; };
		4EA7C7EC1CC3AB2E00BDAA3A /* tabBarViewController.swift */ = {isa = PBXFileReference; fileEncoding = 4; lastKnownFileType = sourcecode.swift; path = tabBarViewController.swift; sourceTree = "<group>"; };
		AE1406AC0F0E3AE33D408A9C /* Pods.release.xcconfig */ = {isa = PBXFileReference; includeInIndex = 1; lastKnownFileType = text.xcconfig; name = Pods.release.xcconfig; path = "Pods/Target Support Files/Pods/Pods.release.xcconfig"; sourceTree = "<group>"; };
/* End PBXFileReference section */

/* Begin PBXFrameworksBuildPhase section */
		4BBE9FED1CC2D8CA004ADDEC /* Frameworks */ = {
			isa = PBXFrameworksBuildPhase;
			buildActionMask = 2147483647;
			files = (
				115D0C78366B681AC3222C23 /* Pods.framework in Frameworks */,
			);
			runOnlyForDeploymentPostprocessing = 0;
		};
		4BBEA0041CC2D8CA004ADDEC /* Frameworks */ = {
			isa = PBXFrameworksBuildPhase;
			buildActionMask = 2147483647;
			files = (
			);
			runOnlyForDeploymentPostprocessing = 0;
		};
		4BBEA00F1CC2D8CA004ADDEC /* Frameworks */ = {
			isa = PBXFrameworksBuildPhase;
			buildActionMask = 2147483647;
			files = (
			);
			runOnlyForDeploymentPostprocessing = 0;
		};
/* End PBXFrameworksBuildPhase section */

/* Begin PBXGroup section */
		1950594002DCA4E04591B41F /* Frameworks */ = {
			isa = PBXGroup;
			children = (
				377D4CE95E646A22DDC41300 /* Pods.framework */,
			);
			name = Frameworks;
			sourceTree = "<group>";
		};
		4B2D8684E2FA4A35B01DA306 /* Pods */ = {
			isa = PBXGroup;
			children = (
				1997EFF7933EE4C73F4172E2 /* Pods.debug.xcconfig */,
				AE1406AC0F0E3AE33D408A9C /* Pods.release.xcconfig */,
			);
			name = Pods;
			sourceTree = "<group>";
		};
		4BBE9FE71CC2D8CA004ADDEC = {
			isa = PBXGroup;
			children = (
				4BBE9FF21CC2D8CA004ADDEC /* Ditto */,
				4BBEA00A1CC2D8CA004ADDEC /* DittoTests */,
				4BBEA0151CC2D8CA004ADDEC /* DittoUITests */,
				4BBE9FF11CC2D8CA004ADDEC /* Products */,
				4B2D8684E2FA4A35B01DA306 /* Pods */,
				1950594002DCA4E04591B41F /* Frameworks */,
			);
			sourceTree = "<group>";
		};
		4BBE9FF11CC2D8CA004ADDEC /* Products */ = {
			isa = PBXGroup;
			children = (
				4BBE9FF01CC2D8CA004ADDEC /* Ditto.app */,
				4BBEA0071CC2D8CA004ADDEC /* DittoTests.xctest */,
				4BBEA0121CC2D8CA004ADDEC /* DittoUITests.xctest */,
			);
			name = Products;
			sourceTree = "<group>";
		};
		4BBE9FF21CC2D8CA004ADDEC /* Ditto */ = {
			isa = PBXGroup;
			children = (
				4BFEABE51CC2E97B0085FED4 /* Controller */,
				4BFEABE41CC2E9620085FED4 /* Model */,
				4BFEABE61CC2E9EA0085FED4 /* Supporting Files */,
				4BBE9FFA1CC2D8CA004ADDEC /* Ditto.xcdatamodeld */,
			);
			path = Ditto;
			sourceTree = "<group>";
		};
		4BBEA00A1CC2D8CA004ADDEC /* DittoTests */ = {
			isa = PBXGroup;
			children = (
				4BBEA00B1CC2D8CA004ADDEC /* DittoTests.swift */,
				4BBEA00D1CC2D8CA004ADDEC /* Info.plist */,
			);
			path = DittoTests;
			sourceTree = "<group>";
		};
		4BBEA0151CC2D8CA004ADDEC /* DittoUITests */ = {
			isa = PBXGroup;
			children = (
				4BBEA0161CC2D8CA004ADDEC /* DittoUITests.swift */,
				4BBEA0181CC2D8CA004ADDEC /* Info.plist */,
			);
			path = DittoUITests;
			sourceTree = "<group>";
		};
		4BFEABE41CC2E9620085FED4 /* Model */ = {
			isa = PBXGroup;
			children = (
				4BFEABE21CC2E6100085FED4 /* Downloader.swift */,
			);
			name = Model;
			sourceTree = "<group>";
		};
		4BFEABE51CC2E97B0085FED4 /* Controller */ = {
			isa = PBXGroup;
			children = (
				4B2B6D351CC31064000BF3E3 /* NewPostViewController.swift */,
				4BBEA0241CC2DFBC004ADDEC /* UserFeedTableViewController.swift */,
				4E4B428C1CC39F2000C98E65 /* profileTableViewController.swift */,
				4E4B428E1CC3A03E00C98E65 /* notificationsTableViewController.swift */,
				4E7EFA341CC342060035712D /* CategoriesTableViewController.swift */,
			);
			name = Controller;
			sourceTree = "<group>";
		};
		4BFEABE61CC2E9EA0085FED4 /* Supporting Files */ = {
			isa = PBXGroup;
			children = (
				4BBE9FF71CC2D8CA004ADDEC /* Main.storyboard */,
				4BBE9FF31CC2D8CA004ADDEC /* AppDelegate.swift */,
				4EA7C7EC1CC3AB2E00BDAA3A /* tabBarViewController.swift */,
				4BBEA0261CC2E0AA004ADDEC /* BridgingHeader.h */,
				4BBE9FFF1CC2D8CA004ADDEC /* LaunchScreen.storyboard */,
				4BBE9FFD1CC2D8CA004ADDEC /* Assets.xcassets */,
				4BBEA0021CC2D8CA004ADDEC /* Info.plist */,
			);
			name = "Supporting Files";
			sourceTree = "<group>";
		};
/* End PBXGroup section */

/* Begin PBXNativeTarget section */
		4BBE9FEF1CC2D8CA004ADDEC /* Ditto */ = {
			isa = PBXNativeTarget;
			buildConfigurationList = 4BBEA01B1CC2D8CA004ADDEC /* Build configuration list for PBXNativeTarget "Ditto" */;
			buildPhases = (
				EF5BB863FCABD3AF299F4EBE /* Check Pods Manifest.lock */,
				4BBE9FEC1CC2D8CA004ADDEC /* Sources */,
				4BBE9FED1CC2D8CA004ADDEC /* Frameworks */,
				4BBE9FEE1CC2D8CA004ADDEC /* Resources */,
				5A8ACE51703F49FA059B41E6 /* Embed Pods Frameworks */,
				CAD0130D32DD6FEEE4EC4856 /* Copy Pods Resources */,
			);
			buildRules = (
			);
			dependencies = (
			);
			name = Ditto;
			productName = Ditto;
			productReference = 4BBE9FF01CC2D8CA004ADDEC /* Ditto.app */;
			productType = "com.apple.product-type.application";
		};
		4BBEA0061CC2D8CA004ADDEC /* DittoTests */ = {
			isa = PBXNativeTarget;
			buildConfigurationList = 4BBEA01E1CC2D8CA004ADDEC /* Build configuration list for PBXNativeTarget "DittoTests" */;
			buildPhases = (
				4BBEA0031CC2D8CA004ADDEC /* Sources */,
				4BBEA0041CC2D8CA004ADDEC /* Frameworks */,
				4BBEA0051CC2D8CA004ADDEC /* Resources */,
			);
			buildRules = (
			);
			dependencies = (
				4BBEA0091CC2D8CA004ADDEC /* PBXTargetDependency */,
			);
			name = DittoTests;
			productName = DittoTests;
			productReference = 4BBEA0071CC2D8CA004ADDEC /* DittoTests.xctest */;
			productType = "com.apple.product-type.bundle.unit-test";
		};
		4BBEA0111CC2D8CA004ADDEC /* DittoUITests */ = {
			isa = PBXNativeTarget;
			buildConfigurationList = 4BBEA0211CC2D8CA004ADDEC /* Build configuration list for PBXNativeTarget "DittoUITests" */;
			buildPhases = (
				4BBEA00E1CC2D8CA004ADDEC /* Sources */,
				4BBEA00F1CC2D8CA004ADDEC /* Frameworks */,
				4BBEA0101CC2D8CA004ADDEC /* Resources */,
			);
			buildRules = (
			);
			dependencies = (
				4BBEA0141CC2D8CA004ADDEC /* PBXTargetDependency */,
			);
			name = DittoUITests;
			productName = DittoUITests;
			productReference = 4BBEA0121CC2D8CA004ADDEC /* DittoUITests.xctest */;
			productType = "com.apple.product-type.bundle.ui-testing";
		};
/* End PBXNativeTarget section */

/* Begin PBXProject section */
		4BBE9FE81CC2D8CA004ADDEC /* Project object */ = {
			isa = PBXProject;
			attributes = {
				LastSwiftUpdateCheck = 0720;
				LastUpgradeCheck = 0720;
				ORGANIZATIONNAME = Swag;
				TargetAttributes = {
					4BBE9FEF1CC2D8CA004ADDEC = {
						CreatedOnToolsVersion = 7.2.1;
					};
					4BBEA0061CC2D8CA004ADDEC = {
						CreatedOnToolsVersion = 7.2.1;
						TestTargetID = 4BBE9FEF1CC2D8CA004ADDEC;
					};
					4BBEA0111CC2D8CA004ADDEC = {
						CreatedOnToolsVersion = 7.2.1;
						TestTargetID = 4BBE9FEF1CC2D8CA004ADDEC;
					};
				};
			};
			buildConfigurationList = 4BBE9FEB1CC2D8CA004ADDEC /* Build configuration list for PBXProject "Ditto" */;
			compatibilityVersion = "Xcode 3.2";
			developmentRegion = English;
			hasScannedForEncodings = 0;
			knownRegions = (
				en,
				Base,
			);
			mainGroup = 4BBE9FE71CC2D8CA004ADDEC;
			productRefGroup = 4BBE9FF11CC2D8CA004ADDEC /* Products */;
			projectDirPath = "";
			projectRoot = "";
			targets = (
				4BBE9FEF1CC2D8CA004ADDEC /* Ditto */,
				4BBEA0061CC2D8CA004ADDEC /* DittoTests */,
				4BBEA0111CC2D8CA004ADDEC /* DittoUITests */,
			);
		};
/* End PBXProject section */

/* Begin PBXResourcesBuildPhase section */
		4BBE9FEE1CC2D8CA004ADDEC /* Resources */ = {
			isa = PBXResourcesBuildPhase;
			buildActionMask = 2147483647;
			files = (
				4BBEA0011CC2D8CA004ADDEC /* LaunchScreen.storyboard in Resources */,
				4BBE9FFE1CC2D8CA004ADDEC /* Assets.xcassets in Resources */,
				4BBE9FF91CC2D8CA004ADDEC /* Main.storyboard in Resources */,
			);
			runOnlyForDeploymentPostprocessing = 0;
		};
		4BBEA0051CC2D8CA004ADDEC /* Resources */ = {
			isa = PBXResourcesBuildPhase;
			buildActionMask = 2147483647;
			files = (
			);
			runOnlyForDeploymentPostprocessing = 0;
		};
		4BBEA0101CC2D8CA004ADDEC /* Resources */ = {
			isa = PBXResourcesBuildPhase;
			buildActionMask = 2147483647;
			files = (
			);
			runOnlyForDeploymentPostprocessing = 0;
		};
/* End PBXResourcesBuildPhase section */

/* Begin PBXShellScriptBuildPhase section */
		5A8ACE51703F49FA059B41E6 /* Embed Pods Frameworks */ = {
			isa = PBXShellScriptBuildPhase;
			buildActionMask = 2147483647;
			files = (
			);
			inputPaths = (
			);
			name = "Embed Pods Frameworks";
			outputPaths = (
			);
			runOnlyForDeploymentPostprocessing = 0;
			shellPath = /bin/sh;
			shellScript = "\"${SRCROOT}/Pods/Target Support Files/Pods/Pods-frameworks.sh\"\n";
			showEnvVarsInLog = 0;
		};
		CAD0130D32DD6FEEE4EC4856 /* Copy Pods Resources */ = {
			isa = PBXShellScriptBuildPhase;
			buildActionMask = 2147483647;
			files = (
			);
			inputPaths = (
			);
			name = "Copy Pods Resources";
			outputPaths = (
			);
			runOnlyForDeploymentPostprocessing = 0;
			shellPath = /bin/sh;
			shellScript = "\"${SRCROOT}/Pods/Target Support Files/Pods/Pods-resources.sh\"\n";
			showEnvVarsInLog = 0;
		};
		EF5BB863FCABD3AF299F4EBE /* Check Pods Manifest.lock */ = {
			isa = PBXShellScriptBuildPhase;
			buildActionMask = 2147483647;
			files = (
			);
			inputPaths = (
			);
			name = "Check Pods Manifest.lock";
			outputPaths = (
			);
			runOnlyForDeploymentPostprocessing = 0;
			shellPath = /bin/sh;
			shellScript = "diff \"${PODS_ROOT}/../Podfile.lock\" \"${PODS_ROOT}/Manifest.lock\" > /dev/null\nif [[ $? != 0 ]] ; then\n    cat << EOM\nerror: The sandbox is not in sync with the Podfile.lock. Run 'pod install' or update your CocoaPods installation.\nEOM\n    exit 1\nfi\n";
			showEnvVarsInLog = 0;
		};
/* End PBXShellScriptBuildPhase section */

/* Begin PBXSourcesBuildPhase section */
		4BBE9FEC1CC2D8CA004ADDEC /* Sources */ = {
			isa = PBXSourcesBuildPhase;
			buildActionMask = 2147483647;
			files = (
				4E4B428D1CC39F2000C98E65 /* profileTableViewController.swift in Sources */,
				4BBEA0251CC2DFBC004ADDEC /* UserFeedTableViewController.swift in Sources */,
				4E4B428F1CC3A03E00C98E65 /* notificationsTableViewController.swift in Sources */,
				4BBE9FF41CC2D8CA004ADDEC /* AppDelegate.swift in Sources */,
				4BFEABE31CC2E6100085FED4 /* Downloader.swift in Sources */,
				4E7EFA351CC342060035712D /* CategoriesTableViewController.swift in Sources */,
				4EA7C7ED1CC3AB2E00BDAA3A /* tabBarViewController.swift in Sources */,
				4BBE9FFC1CC2D8CA004ADDEC /* Ditto.xcdatamodeld in Sources */,
				4B2B6D361CC31064000BF3E3 /* NewPostViewController.swift in Sources */,
			);
			runOnlyForDeploymentPostprocessing = 0;
		};
		4BBEA0031CC2D8CA004ADDEC /* Sources */ = {
			isa = PBXSourcesBuildPhase;
			buildActionMask = 2147483647;
			files = (
				4BBEA00C1CC2D8CA004ADDEC /* DittoTests.swift in Sources */,
			);
			runOnlyForDeploymentPostprocessing = 0;
		};
		4BBEA00E1CC2D8CA004ADDEC /* Sources */ = {
			isa = PBXSourcesBuildPhase;
			buildActionMask = 2147483647;
			files = (
				4BBEA0171CC2D8CA004ADDEC /* DittoUITests.swift in Sources */,
			);
			runOnlyForDeploymentPostprocessing = 0;
		};
/* End PBXSourcesBuildPhase section */

/* Begin PBXTargetDependency section */
		4BBEA0091CC2D8CA004ADDEC /* PBXTargetDependency */ = {
			isa = PBXTargetDependency;
			target = 4BBE9FEF1CC2D8CA004ADDEC /* Ditto */;
			targetProxy = 4BBEA0081CC2D8CA004ADDEC /* PBXContainerItemProxy */;
		};
		4BBEA0141CC2D8CA004ADDEC /* PBXTargetDependency */ = {
			isa = PBXTargetDependency;
			target = 4BBE9FEF1CC2D8CA004ADDEC /* Ditto */;
			targetProxy = 4BBEA0131CC2D8CA004ADDEC /* PBXContainerItemProxy */;
		};
/* End PBXTargetDependency section */

/* Begin PBXVariantGroup section */
		4BBE9FF71CC2D8CA004ADDEC /* Main.storyboard */ = {
			isa = PBXVariantGroup;
			children = (
				4BBE9FF81CC2D8CA004ADDEC /* Base */,
			);
			name = Main.storyboard;
			sourceTree = "<group>";
		};
		4BBE9FFF1CC2D8CA004ADDEC /* LaunchScreen.storyboard */ = {
			isa = PBXVariantGroup;
			children = (
				4BBEA0001CC2D8CA004ADDEC /* Base */,
			);
			name = LaunchScreen.storyboard;
			sourceTree = "<group>";
		};
/* End PBXVariantGroup section */

/* Begin XCBuildConfiguration section */
		4BBEA0191CC2D8CA004ADDEC /* Debug */ = {
			isa = XCBuildConfiguration;
			buildSettings = {
				ALWAYS_SEARCH_USER_PATHS = NO;
				CLANG_CXX_LANGUAGE_STANDARD = "gnu++0x";
				CLANG_CXX_LIBRARY = "libc++";
				CLANG_ENABLE_MODULES = YES;
				CLANG_ENABLE_OBJC_ARC = YES;
				CLANG_WARN_BOOL_CONVERSION = YES;
				CLANG_WARN_CONSTANT_CONVERSION = YES;
				CLANG_WARN_DIRECT_OBJC_ISA_USAGE = YES_ERROR;
				CLANG_WARN_EMPTY_BODY = YES;
				CLANG_WARN_ENUM_CONVERSION = YES;
				CLANG_WARN_INT_CONVERSION = YES;
				CLANG_WARN_OBJC_ROOT_CLASS = YES_ERROR;
				CLANG_WARN_UNREACHABLE_CODE = YES;
				CLANG_WARN__DUPLICATE_METHOD_MATCH = YES;
				"CODE_SIGN_IDENTITY[sdk=iphoneos*]" = "iPhone Developer";
				COPY_PHASE_STRIP = NO;
				DEBUG_INFORMATION_FORMAT = dwarf;
				ENABLE_STRICT_OBJC_MSGSEND = YES;
				ENABLE_TESTABILITY = YES;
				GCC_C_LANGUAGE_STANDARD = gnu99;
				GCC_DYNAMIC_NO_PIC = NO;
				GCC_NO_COMMON_BLOCKS = YES;
				GCC_OPTIMIZATION_LEVEL = 0;
				GCC_PREPROCESSOR_DEFINITIONS = (
					"DEBUG=1",
					"$(inherited)",
				);
				GCC_WARN_64_TO_32_BIT_CONVERSION = YES;
				GCC_WARN_ABOUT_RETURN_TYPE = YES_ERROR;
				GCC_WARN_UNDECLARED_SELECTOR = YES;
				GCC_WARN_UNINITIALIZED_AUTOS = YES_AGGRESSIVE;
				GCC_WARN_UNUSED_FUNCTION = YES;
				GCC_WARN_UNUSED_VARIABLE = YES;
				IPHONEOS_DEPLOYMENT_TARGET = 9.2;
				MTL_ENABLE_DEBUG_INFO = YES;
				ONLY_ACTIVE_ARCH = YES;
				SDKROOT = iphoneos;
				SWIFT_OPTIMIZATION_LEVEL = "-Onone";
			};
			name = Debug;
		};
		4BBEA01A1CC2D8CA004ADDEC /* Release */ = {
			isa = XCBuildConfiguration;
			buildSettings = {
				ALWAYS_SEARCH_USER_PATHS = NO;
				CLANG_CXX_LANGUAGE_STANDARD = "gnu++0x";
				CLANG_CXX_LIBRARY = "libc++";
				CLANG_ENABLE_MODULES = YES;
				CLANG_ENABLE_OBJC_ARC = YES;
				CLANG_WARN_BOOL_CONVERSION = YES;
				CLANG_WARN_CONSTANT_CONVERSION = YES;
				CLANG_WARN_DIRECT_OBJC_ISA_USAGE = YES_ERROR;
				CLANG_WARN_EMPTY_BODY = YES;
				CLANG_WARN_ENUM_CONVERSION = YES;
				CLANG_WARN_INT_CONVERSION = YES;
				CLANG_WARN_OBJC_ROOT_CLASS = YES_ERROR;
				CLANG_WARN_UNREACHABLE_CODE = YES;
				CLANG_WARN__DUPLICATE_METHOD_MATCH = YES;
				"CODE_SIGN_IDENTITY[sdk=iphoneos*]" = "iPhone Developer";
				COPY_PHASE_STRIP = NO;
				DEBUG_INFORMATION_FORMAT = "dwarf-with-dsym";
				ENABLE_NS_ASSERTIONS = NO;
				ENABLE_STRICT_OBJC_MSGSEND = YES;
				GCC_C_LANGUAGE_STANDARD = gnu99;
				GCC_NO_COMMON_BLOCKS = YES;
				GCC_WARN_64_TO_32_BIT_CONVERSION = YES;
				GCC_WARN_ABOUT_RETURN_TYPE = YES_ERROR;
				GCC_WARN_UNDECLARED_SELECTOR = YES;
				GCC_WARN_UNINITIALIZED_AUTOS = YES_AGGRESSIVE;
				GCC_WARN_UNUSED_FUNCTION = YES;
				GCC_WARN_UNUSED_VARIABLE = YES;
				IPHONEOS_DEPLOYMENT_TARGET = 9.2;
				MTL_ENABLE_DEBUG_INFO = NO;
				SDKROOT = iphoneos;
				VALIDATE_PRODUCT = YES;
			};
			name = Release;
		};
		4BBEA01C1CC2D8CA004ADDEC /* Debug */ = {
			isa = XCBuildConfiguration;
			baseConfigurationReference = 1997EFF7933EE4C73F4172E2 /* Pods.debug.xcconfig */;
			buildSettings = {
				ASSETCATALOG_COMPILER_APPICON_NAME = AppIcon;
				INFOPLIST_FILE = Ditto/Info.plist;
				IPHONEOS_DEPLOYMENT_TARGET = 8.0;
				LD_RUNPATH_SEARCH_PATHS = "$(inherited) @executable_path/Frameworks";
				PRODUCT_BUNDLE_IDENTIFIER = com.Swag.Ditto;
				PRODUCT_NAME = "$(TARGET_NAME)";
			};
			name = Debug;
		};
		4BBEA01D1CC2D8CA004ADDEC /* Release */ = {
			isa = XCBuildConfiguration;
			baseConfigurationReference = AE1406AC0F0E3AE33D408A9C /* Pods.release.xcconfig */;
			buildSettings = {
				ASSETCATALOG_COMPILER_APPICON_NAME = AppIcon;
				INFOPLIST_FILE = Ditto/Info.plist;
				IPHONEOS_DEPLOYMENT_TARGET = 8.0;
				LD_RUNPATH_SEARCH_PATHS = "$(inherited) @executable_path/Frameworks";
				PRODUCT_BUNDLE_IDENTIFIER = com.Swag.Ditto;
				PRODUCT_NAME = "$(TARGET_NAME)";
			};
			name = Release;
		};
		4BBEA01F1CC2D8CA004ADDEC /* Debug */ = {
			isa = XCBuildConfiguration;
			buildSettings = {
				BUNDLE_LOADER = "$(TEST_HOST)";
				INFOPLIST_FILE = DittoTests/Info.plist;
				LD_RUNPATH_SEARCH_PATHS = "$(inherited) @executable_path/Frameworks @loader_path/Frameworks";
				PRODUCT_BUNDLE_IDENTIFIER = com.Swag.DittoTests;
				PRODUCT_NAME = "$(TARGET_NAME)";
				TEST_HOST = "$(BUILT_PRODUCTS_DIR)/Ditto.app/Ditto";
			};
			name = Debug;
		};
		4BBEA0201CC2D8CA004ADDEC /* Release */ = {
			isa = XCBuildConfiguration;
			buildSettings = {
				BUNDLE_LOADER = "$(TEST_HOST)";
				INFOPLIST_FILE = DittoTests/Info.plist;
				LD_RUNPATH_SEARCH_PATHS = "$(inherited) @executable_path/Frameworks @loader_path/Frameworks";
				PRODUCT_BUNDLE_IDENTIFIER = com.Swag.DittoTests;
				PRODUCT_NAME = "$(TARGET_NAME)";
				TEST_HOST = "$(BUILT_PRODUCTS_DIR)/Ditto.app/Ditto";
			};
			name = Release;
		};
		4BBEA0221CC2D8CA004ADDEC /* Debug */ = {
			isa = XCBuildConfiguration;
			buildSettings = {
				INFOPLIST_FILE = DittoUITests/Info.plist;
				LD_RUNPATH_SEARCH_PATHS = "$(inherited) @executable_path/Frameworks @loader_path/Frameworks";
				PRODUCT_BUNDLE_IDENTIFIER = com.Swag.DittoUITests;
				PRODUCT_NAME = "$(TARGET_NAME)";
				TEST_TARGET_NAME = Ditto;
				USES_XCTRUNNER = YES;
			};
			name = Debug;
		};
		4BBEA0231CC2D8CA004ADDEC /* Release */ = {
			isa = XCBuildConfiguration;
			buildSettings = {
				INFOPLIST_FILE = DittoUITests/Info.plist;
				LD_RUNPATH_SEARCH_PATHS = "$(inherited) @executable_path/Frameworks @loader_path/Frameworks";
				PRODUCT_BUNDLE_IDENTIFIER = com.Swag.DittoUITests;
				PRODUCT_NAME = "$(TARGET_NAME)";
				TEST_TARGET_NAME = Ditto;
				USES_XCTRUNNER = YES;
			};
			name = Release;
		};
/* End XCBuildConfiguration section */

/* Begin XCConfigurationList section */
		4BBE9FEB1CC2D8CA004ADDEC /* Build configuration list for PBXProject "Ditto" */ = {
			isa = XCConfigurationList;
			buildConfigurations = (
				4BBEA0191CC2D8CA004ADDEC /* Debug */,
				4BBEA01A1CC2D8CA004ADDEC /* Release */,
			);
			defaultConfigurationIsVisible = 0;
			defaultConfigurationName = Release;
		};
		4BBEA01B1CC2D8CA004ADDEC /* Build configuration list for PBXNativeTarget "Ditto" */ = {
			isa = XCConfigurationList;
			buildConfigurations = (
				4BBEA01C1CC2D8CA004ADDEC /* Debug */,
				4BBEA01D1CC2D8CA004ADDEC /* Release */,
			);
			defaultConfigurationIsVisible = 0;
			defaultConfigurationName = Release;
		};
		4BBEA01E1CC2D8CA004ADDEC /* Build configuration list for PBXNativeTarget "DittoTests" */ = {
			isa = XCConfigurationList;
			buildConfigurations = (
				4BBEA01F1CC2D8CA004ADDEC /* Debug */,
				4BBEA0201CC2D8CA004ADDEC /* Release */,
			);
			defaultConfigurationIsVisible = 0;
			defaultConfigurationName = Release;
		};
		4BBEA0211CC2D8CA004ADDEC /* Build configuration list for PBXNativeTarget "DittoUITests" */ = {
			isa = XCConfigurationList;
			buildConfigurations = (
				4BBEA0221CC2D8CA004ADDEC /* Debug */,
				4BBEA0231CC2D8CA004ADDEC /* Release */,
			);
			defaultConfigurationIsVisible = 0;
			defaultConfigurationName = Release;
		};
/* End XCConfigurationList section */

/* Begin XCVersionGroup section */
		4BBE9FFA1CC2D8CA004ADDEC /* Ditto.xcdatamodeld */ = {
			isa = XCVersionGroup;
			children = (
				4BBE9FFB1CC2D8CA004ADDEC /* Ditto.xcdatamodel */,
			);
			currentVersion = 4BBE9FFB1CC2D8CA004ADDEC /* Ditto.xcdatamodel */;
			path = Ditto.xcdatamodeld;
			sourceTree = "<group>";
			versionGroupType = wrapper.xcdatamodel;
		};
/* End XCVersionGroup section */
	};
	rootObject = 4BBE9FE81CC2D8CA004ADDEC /* Project object */;
}
